
Microsoft Visual Studio Solution File, Format Version 12.00
# Visual Studio 15
VisualStudioVersion = 15.0.27428.2043
MinimumVisualStudioVersion = 10.0.40219.1
Project("{FAE04EC0-301F-11D3-BF4B-00C04F79EFBC}") = "VirtualAgent.Core", "VirtualAgent.Core\VirtualAgent.Core.csproj", "{C7D64511-D9BC-4416-8BEC-09347D1620E3}"
EndProject
Project("{FAE04EC0-301F-11D3-BF4B-00C04F79EFBC}") = "BotApplication", "BotApplication\BotApplication.csproj", "{38497086-E8C0-4C90-A510-4144E40CD87D}"
EndProject
Project("{FAE04EC0-301F-11D3-BF4B-00C04F79EFBC}") = "VirtualAgent.WebApi", "VirtualAgent.WebApi\VirtualAgent.WebApi.csproj", "{9BB0F210-F10C-4BF0-9F9E-A0A28098BE9F}"
EndProject
Project("{FAE04EC0-301F-11D3-BF4B-00C04F79EFBC}") = "VirtualAgent.LUIS.ActionBinding", "VirtualAgent.LUIS.ActionBinding\VirtualAgent.LUIS.ActionBinding.csproj", "{E40E7ED7-3173-48C2-BFD7-578DC84668D4}"
EndProject
Project("{FAE04EC0-301F-11D3-BF4B-00C04F79EFBC}") = "VirtualAgent.Shared", "VirtualAgent.Shared\VirtualAgent.Shared.csproj", "{0ABA465B-6C9B-4F2A-B6D8-1891313D3A43}"
EndProject
Global
	GlobalSection(SolutionConfigurationPlatforms) = preSolution
		Debug|Any CPU = Debug|Any CPU
		Release|Any CPU = Release|Any CPU
	EndGlobalSection
	GlobalSection(ProjectConfigurationPlatforms) = postSolution
		{C7D64511-D9BC-4416-8BEC-09347D1620E3}.Debug|Any CPU.ActiveCfg = Debug|Any CPU
		{C7D64511-D9BC-4416-8BEC-09347D1620E3}.Debug|Any CPU.Build.0 = Debug|Any CPU
		{C7D64511-D9BC-4416-8BEC-09347D1620E3}.Release|Any CPU.ActiveCfg = Release|Any CPU
		{C7D64511-D9BC-4416-8BEC-09347D1620E3}.Release|Any CPU.Build.0 = Release|Any CPU
		{38497086-E8C0-4C90-A510-4144E40CD87D}.Debug|Any CPU.ActiveCfg = Debug|Any CPU
		{38497086-E8C0-4C90-A510-4144E40CD87D}.Debug|Any CPU.Build.0 = Debug|Any CPU
		{38497086-E8C0-4C90-A510-4144E40CD87D}.Release|Any CPU.ActiveCfg = Release|Any CPU
		{38497086-E8C0-4C90-A510-4144E40CD87D}.Release|Any CPU.Build.0 = Release|Any CPU
		{9BB0F210-F10C-4BF0-9F9E-A0A28098BE9F}.Debug|Any CPU.ActiveCfg = Debug|Any CPU
		{9BB0F210-F10C-4BF0-9F9E-A0A28098BE9F}.Debug|Any CPU.Build.0 = Debug|Any CPU
		{9BB0F210-F10C-4BF0-9F9E-A0A28098BE9F}.Release|Any CPU.ActiveCfg = Release|Any CPU
		{9BB0F210-F10C-4BF0-9F9E-A0A28098BE9F}.Release|Any CPU.Build.0 = Release|Any CPU
		{E40E7ED7-3173-48C2-BFD7-578DC84668D4}.Debug|Any CPU.ActiveCfg = Debug|Any CPU
		{E40E7ED7-3173-48C2-BFD7-578DC84668D4}.Debug|Any CPU.Build.0 = Debug|Any CPU
		{E40E7ED7-3173-48C2-BFD7-578DC84668D4}.Release|Any CPU.ActiveCfg = Release|Any CPU
		{E40E7ED7-3173-48C2-BFD7-578DC84668D4}.Release|Any CPU.Build.0 = Release|Any CPU
		{0ABA465B-6C9B-4F2A-B6D8-1891313D3A43}.Debug|Any CPU.ActiveCfg = Debug|Any CPU
		{0ABA465B-6C9B-4F2A-B6D8-1891313D3A43}.Debug|Any CPU.Build.0 = Debug|Any CPU
		{0ABA465B-6C9B-4F2A-B6D8-1891313D3A43}.Release|Any CPU.ActiveCfg = Release|Any CPU
		{0ABA465B-6C9B-4F2A-B6D8-1891313D3A43}.Release|Any CPU.Build.0 = Release|Any CPU
	EndGlobalSection
	GlobalSection(SolutionProperties) = preSolution
		HideSolutionNode = FALSE
	EndGlobalSection
	GlobalSection(ExtensibilityGlobals) = postSolution
		SolutionGuid = {01F7216F-2325-4810-ADD5-A8081029EE85}
	EndGlobalSection
EndGlobal
